
Microsoft Visual Studio Solution File, Format Version 12.00
# Visual Studio 15
VisualStudioVersion = 15.0.26430.13
MinimumVisualStudioVersion = 10.0.40219.1
Project("{FAE04EC0-301F-11D3-BF4B-00C04F79EFBC}") = "SA_Config_Info", "SA_Config_Info\SA_Config_Info.csproj", "{5A6A29EE-3EF4-4C67-A5B0-6CE8555B5132}"
EndProject
Project("{FAE04EC0-301F-11D3-BF4B-00C04F79EFBC}") = "InstallAEJSX", "InstallAEJSX\InstallAEJSX.csproj", "{C250B1E4-5AD3-4FF5-B4FF-4C889C08E65F}"
EndProject
Project("{FAE04EC0-301F-11D3-BF4B-00C04F79EFBC}") = "InstallationWizard", "InstallationWizard\InstallationWizard.csproj", "{529B5082-F478-464C-9585-AB5553C82D06}"
EndProject
Global
	GlobalSection(SolutionConfigurationPlatforms) = preSolution
		Debug|Any CPU = Debug|Any CPU
		Release|Any CPU = Release|Any CPU
	EndGlobalSection
	GlobalSection(ProjectConfigurationPlatforms) = postSolution
		{5A6A29EE-3EF4-4C67-A5B0-6CE8555B5132}.Debug|Any CPU.ActiveCfg = Debug|Any CPU
		{5A6A29EE-3EF4-4C67-A5B0-6CE8555B5132}.Debug|Any CPU.Build.0 = Debug|Any CPU
		{5A6A29EE-3EF4-4C67-A5B0-6CE8555B5132}.Debug|Any CPU.Deploy.0 = Debug|Any CPU
		{5A6A29EE-3EF4-4C67-A5B0-6CE8555B5132}.Release|Any CPU.ActiveCfg = Release|Any CPU
		{5A6A29EE-3EF4-4C67-A5B0-6CE8555B5132}.Release|Any CPU.Build.0 = Release|Any CPU
		{C250B1E4-5AD3-4FF5-B4FF-4C889C08E65F}.Debug|Any CPU.ActiveCfg = Debug|Any CPU
		{C250B1E4-5AD3-4FF5-B4FF-4C889C08E65F}.Debug|Any CPU.Build.0 = Debug|Any CPU
		{C250B1E4-5AD3-4FF5-B4FF-4C889C08E65F}.Release|Any CPU.ActiveCfg = Release|Any CPU
		{C250B1E4-5AD3-4FF5-B4FF-4C889C08E65F}.Release|Any CPU.Build.0 = Release|Any CPU
		{529B5082-F478-464C-9585-AB5553C82D06}.Debug|Any CPU.ActiveCfg = Debug|Any CPU
		{529B5082-F478-464C-9585-AB5553C82D06}.Debug|Any CPU.Build.0 = Debug|Any CPU
		{529B5082-F478-464C-9585-AB5553C82D06}.Release|Any CPU.ActiveCfg = Release|Any CPU
		{529B5082-F478-464C-9585-AB5553C82D06}.Release|Any CPU.Build.0 = Release|Any CPU
	EndGlobalSection
	GlobalSection(SolutionProperties) = preSolution
		HideSolutionNode = FALSE
	EndGlobalSection
EndGlobal
